
Microsoft Visual Studio Solution File, Format Version 12.00
# Visual Studio Version 17
VisualStudioVersion = 17.1.32228.430
MinimumVisualStudioVersion = 10.0.40219.1
Project("{9A19103F-16F7-4668-BE54-9A1E7A4F7556}") = "l_2_t_2", "ConsoleApp1\l_2_t_2.csproj", "{27C1F86F-293C-47C5-AAA0-779F24DBCEC9}"
EndProject
Project("{FAE04EC0-301F-11D3-BF4B-00C04F79EFBC}") = "TestProject1", "TestProject1\TestProject1.csproj", "{CC1C030E-BADA-44A7-B79E-CDA199FAE563}"
EndProject
Global
	GlobalSection(SolutionConfigurationPlatforms) = preSolution
		Debug|Any CPU = Debug|Any CPU
		Release|Any CPU = Release|Any CPU
	EndGlobalSection
	GlobalSection(ProjectConfigurationPlatforms) = postSolution
		{27C1F86F-293C-47C5-AAA0-779F24DBCEC9}.Debug|Any CPU.ActiveCfg = Debug|Any CPU
		{27C1F86F-293C-47C5-AAA0-779F24DBCEC9}.Debug|Any CPU.Build.0 = Debug|Any CPU
		{27C1F86F-293C-47C5-AAA0-779F24DBCEC9}.Release|Any CPU.ActiveCfg = Release|Any CPU
		{27C1F86F-293C-47C5-AAA0-779F24DBCEC9}.Release|Any CPU.Build.0 = Release|Any CPU
		{CC1C030E-BADA-44A7-B79E-CDA199FAE563}.Debug|Any CPU.ActiveCfg = Debug|Any CPU
		{CC1C030E-BADA-44A7-B79E-CDA199FAE563}.Debug|Any CPU.Build.0 = Debug|Any CPU
		{CC1C030E-BADA-44A7-B79E-CDA199FAE563}.Release|Any CPU.ActiveCfg = Release|Any CPU
		{CC1C030E-BADA-44A7-B79E-CDA199FAE563}.Release|Any CPU.Build.0 = Release|Any CPU
	EndGlobalSection
	GlobalSection(SolutionProperties) = preSolution
		HideSolutionNode = FALSE
	EndGlobalSection
	GlobalSection(ExtensibilityGlobals) = postSolution
		SolutionGuid = {AE5A89C9-FA0F-4FA0-A812-EC66BD1CD1DC}
	EndGlobalSection
EndGlobal
